# @generated - this file is auto-generated by `mise lock` https://mise.en.dev/dev-tools/mise-lock.html

[[tools.dagger]]
version = "0.21.0"
backend = "aqua:dagger/dagger"

[tools.dagger."platforms.linux-arm64"]
checksum = "sha256:8d4f3acb03118846563befa889326ab4bd20274b814700b95a9598d50adee982"
url = "https://github.com/dagger/dagger/releases/download/v0.21.0/dagger_v0.21.0_linux_arm64.tar.gz"

[tools.dagger."platforms.linux-arm64-musl"]
checksum = "sha256:8d4f3acb03118846563befa889326ab4bd20274b814700b95a9598d50adee982"
url = "https://github.com/dagger/dagger/releases/download/v0.21.0/dagger_v0.21.0_linux_arm64.tar.gz"

[tools.dagger."platforms.linux-x64"]
checksum = "sha256:6780df6ec51903c8dc5e660c4d8cdb78d859fea138070974d03aa13c5bf0013d"
url = "https://github.com/dagger/dagger/releases/download/v0.21.0/dagger_v0.21.0_linux_amd64.tar.gz"

[tools.dagger."platforms.linux-x64-musl"]
checksum = "sha256:6780df6ec51903c8dc5e660c4d8cdb78d859fea138070974d03aa13c5bf0013d"
url = "https://github.com/dagger/dagger/releases/download/v0.21.0/dagger_v0.21.0_linux_amd64.tar.gz"

[tools.dagger."platforms.macos-arm64"]
checksum = "sha256:fea132b656116024e2b1613c3f6a57524a781f9227f560529519840a60878eff"
url = "https://github.com/dagger/dagger/releases/download/v0.21.0/dagger_v0.21.0_darwin_arm64.tar.gz"

[tools.dagger."platforms.macos-x64"]
checksum = "sha256:0b5164df2691f2dec24fcefaa3c42ba2f75dc2491a798f4216fc6ae3b8a96fa6"
url = "https://github.com/dagger/dagger/releases/download/v0.21.0/dagger_v0.21.0_darwin_amd64.tar.gz"

[tools.dagger."platforms.windows-x64"]
checksum = "sha256:aadb6bc14151107c04873ba0b679c2a59d0ba7f9ab6a16d641bff8b1dd3c93e6"
url = "https://github.com/dagger/dagger/releases/download/v0.21.0/dagger_v0.21.0_windows_amd64.zip"

[[tools.flutter]]
version = "3.41.9"
backend = "http:flutter"

[tools.flutter."platforms.linux-x64"]
checksum = "blake3:94f9b606ba9861344c5681fad397539924ef8d61300b6c0a9636716f56fbfef0"
url = "https://storage.googleapis.com/flutter_infra_release/releases/stable/linux/flutter_linux_3.41.9-stable.tar.xz"

[[tools."gem:cocoapods"]]
version = "1.16.2"
backend = "gem:cocoapods"

[[tools.ruby]]
version = "3.3.11"
backend = "core:ruby"

[tools.ruby."platforms.linux-arm64"]
checksum = "sha256:59f0fafb1a59a05dc3765117af3fa68e153eb48254708549f321c1e9e078d7a0"
url = "https://cache.ruby-lang.org/pub/ruby/3.3/ruby-3.3.11.tar.gz"

[tools.ruby."platforms.linux-arm64-musl"]
checksum = "sha256:59f0fafb1a59a05dc3765117af3fa68e153eb48254708549f321c1e9e078d7a0"
url = "https://cache.ruby-lang.org/pub/ruby/3.3/ruby-3.3.11.tar.gz"

[tools.ruby."platforms.linux-x64"]
checksum = "sha256:59f0fafb1a59a05dc3765117af3fa68e153eb48254708549f321c1e9e078d7a0"
url = "https://cache.ruby-lang.org/pub/ruby/3.3/ruby-3.3.11.tar.gz"

[tools.ruby."platforms.linux-x64-musl"]
checksum = "sha256:59f0fafb1a59a05dc3765117af3fa68e153eb48254708549f321c1e9e078d7a0"
url = "https://cache.ruby-lang.org/pub/ruby/3.3/ruby-3.3.11.tar.gz"

[tools.ruby."platforms.macos-arm64"]
checksum = "sha256:59f0fafb1a59a05dc3765117af3fa68e153eb48254708549f321c1e9e078d7a0"
url = "https://cache.ruby-lang.org/pub/ruby/3.3/ruby-3.3.11.tar.gz"

[tools.ruby."platforms.macos-x64"]
checksum = "sha256:59f0fafb1a59a05dc3765117af3fa68e153eb48254708549f321c1e9e078d7a0"
url = "https://cache.ruby-lang.org/pub/ruby/3.3/ruby-3.3.11.tar.gz"

[tools.ruby."platforms.windows-x64"]
checksum = "sha256:ee5e71a19bb676302d2d3fb725e2ad3adfee2fdc2f2d64a61830a2d4c0fa9a47"
url = "https://github.com/oneclick/rubyinstaller2/releases/download/RubyInstaller-3.3.11-1/rubyinstaller-3.3.11-1-x64.7z"
